
Microsoft Visual Studio Solution File, Format Version 12.00
# Visual Studio Version 16
VisualStudioVersion = 16.0.31112.23
MinimumVisualStudioVersion = 10.0.40219.1
Project("{FAE04EC0-301F-11D3-BF4B-00C04F79EFBC}") = "Massive1", "Massive1.csproj", "{930D79AD-9F83-46AC-A80A-18F2ACAC2AC6}"
EndProject
Global
	GlobalSection(SolutionConfigurationPlatforms) = preSolution
		Debug|Any CPU = Debug|Any CPU
		Release|Any CPU = Release|Any CPU
	EndGlobalSection
	GlobalSection(ProjectConfigurationPlatforms) = postSolution
		{930D79AD-9F83-46AC-A80A-18F2ACAC2AC6}.Debug|Any CPU.ActiveCfg = Debug|Any CPU
		{930D79AD-9F83-46AC-A80A-18F2ACAC2AC6}.Debug|Any CPU.Build.0 = Debug|Any CPU
		{930D79AD-9F83-46AC-A80A-18F2ACAC2AC6}.Release|Any CPU.ActiveCfg = Release|Any CPU
		{930D79AD-9F83-46AC-A80A-18F2ACAC2AC6}.Release|Any CPU.Build.0 = Release|Any CPU
	EndGlobalSection
	GlobalSection(SolutionProperties) = preSolution
		HideSolutionNode = FALSE
	EndGlobalSection
	GlobalSection(ExtensibilityGlobals) = postSolution
		SolutionGuid = {4E39A4F8-73F7-4D6C-AA47-F3E7B2153E14}
	EndGlobalSection
EndGlobal
